
Microsoft Visual Studio Solution File, Format Version 12.00
# Visual Studio Version 16
VisualStudioVersion = 16.0.30717.126
MinimumVisualStudioVersion = 10.0.40219.1
Project("{FAE04EC0-301F-11D3-BF4B-00C04F79EFBC}") = "DrawingWebAPI", "DrawingWebAPI\DrawingWebAPI.csproj", "{530D6995-59CA-4D60-994B-13F9006164BF}"
EndProject
Global
	GlobalSection(SolutionConfigurationPlatforms) = preSolution
		Debug|Any CPU = Debug|Any CPU
		Release|Any CPU = Release|Any CPU
	EndGlobalSection
	GlobalSection(ProjectConfigurationPlatforms) = postSolution
		{530D6995-59CA-4D60-994B-13F9006164BF}.Debug|Any CPU.ActiveCfg = Debug|Any CPU
		{530D6995-59CA-4D60-994B-13F9006164BF}.Debug|Any CPU.Build.0 = Debug|Any CPU
		{530D6995-59CA-4D60-994B-13F9006164BF}.Release|Any CPU.ActiveCfg = Release|Any CPU
		{530D6995-59CA-4D60-994B-13F9006164BF}.Release|Any CPU.Build.0 = Release|Any CPU
	EndGlobalSection
	GlobalSection(SolutionProperties) = preSolution
		HideSolutionNode = FALSE
	EndGlobalSection
	GlobalSection(ExtensibilityGlobals) = postSolution
		SolutionGuid = {03570B3D-0F54-476A-ABDA-748D00731A12}
	EndGlobalSection
EndGlobal
